
Microsoft Visual Studio Solution File, Format Version 12.00
# Visual Studio Version 16
VisualStudioVersion = 16.0.30503.244
MinimumVisualStudioVersion = 10.0.40219.1
Project("{9A19103F-16F7-4668-BE54-9A1E7A4F7556}") = "Abecado.Api", "Abecado.Api.csproj", "{29CD4831-639C-4E99-874E-A7F875146E6A}"
EndProject
Global
	GlobalSection(SolutionConfigurationPlatforms) = preSolution
		Debug|Any CPU = Debug|Any CPU
		Release|Any CPU = Release|Any CPU
	EndGlobalSection
	GlobalSection(ProjectConfigurationPlatforms) = postSolution
		{29CD4831-639C-4E99-874E-A7F875146E6A}.Debug|Any CPU.ActiveCfg = Debug|Any CPU
		{29CD4831-639C-4E99-874E-A7F875146E6A}.Debug|Any CPU.Build.0 = Debug|Any CPU
		{29CD4831-639C-4E99-874E-A7F875146E6A}.Release|Any CPU.ActiveCfg = Release|Any CPU
		{29CD4831-639C-4E99-874E-A7F875146E6A}.Release|Any CPU.Build.0 = Release|Any CPU
	EndGlobalSection
	GlobalSection(SolutionProperties) = preSolution
		HideSolutionNode = FALSE
	EndGlobalSection
	GlobalSection(ExtensibilityGlobals) = postSolution
		SolutionGuid = {D7696684-DAEE-4093-9761-4610D5B523B8}
	EndGlobalSection
EndGlobal
